Microsoft Visual Studio Solution File, Format Version 11.00
# Visual Studio 2010
Project("{FAE04EC0-301F-11D3-BF4B-00C04F79EFBC}") = "Assembly-CSharp", "Assembly-CSharp.csproj", "{18DBFB14-B643-B2E5-3DCC-A4FD03CC65FF}"
EndProject
Project("{FAE04EC0-301F-11D3-BF4B-00C04F79EFBC}") = "Assembly-CSharp-Editor", "Assembly-CSharp-Editor.csproj", "{3D764274-F90F-DBFD-1B87-C43706BEFA73}"
EndProject
Global
	GlobalSection(SolutionConfigurationPlatforms) = preSolution
		Debug|Any CPU = Debug|Any CPU
		Release|Any CPU = Release|Any CPU
	EndGlobalSection
	GlobalSection(ProjectConfigurationPlatforms) = postSolution
		{18DBFB14-B643-B2E5-3DCC-A4FD03CC65FF}.Debug|Any CPU.ActiveCfg = Debug|Any CPU
		{18DBFB14-B643-B2E5-3DCC-A4FD03CC65FF}.Debug|Any CPU.Build.0 = Debug|Any CPU
		{18DBFB14-B643-B2E5-3DCC-A4FD03CC65FF}.Release|Any CPU.ActiveCfg = Release|Any CPU
		{18DBFB14-B643-B2E5-3DCC-A4FD03CC65FF}.Release|Any CPU.Build.0 = Release|Any CPU
		{3D764274-F90F-DBFD-1B87-C43706BEFA73}.Debug|Any CPU.ActiveCfg = Debug|Any CPU
		{3D764274-F90F-DBFD-1B87-C43706BEFA73}.Debug|Any CPU.Build.0 = Debug|Any CPU
		{3D764274-F90F-DBFD-1B87-C43706BEFA73}.Release|Any CPU.ActiveCfg = Release|Any CPU
		{3D764274-F90F-DBFD-1B87-C43706BEFA73}.Release|Any CPU.Build.0 = Release|Any CPU
	EndGlobalSection
	GlobalSection(SolutionProperties) = preSolution
		HideSolutionNode = FALSE
	EndGlobalSection
EndGlobal
